{
  "originHash" : "f8762a173fb8c5a44ae1628066b5e744ae802612df8e7ea09ac87310d55ddbff",
  "pins" : [
    {
      "identity" : "swift-log",
      "kind" : "remoteSourceControl",
      "location" : "https://github.com/apple/swift-log.git",
      "state" : {
        "revision" : "9c6fb14227f55d8f711ce3847dc2f419fb0ecacb",
        "version" : "1.15.1"
      }
    }
  ],
  "version" : 3
}
